// !$*UTF8*$!
{
	archiveVersion = 1;
	classes = {
	};
	objectVersion = 56;
	objects = {

/* Begin PBXBuildFile section */
		544FB4372AA7351B000E74D4 /* WeatherCondition.swift in Sources */ = {isa = PBXBuildFile; fileRef = 544FB4362AA7351B000E74D4 /* WeatherCondition.swift */; };
		545A7D072AA83C190092CFE1 /* WeatherRepository.swift in Sources */ = {isa = PBXBuildFile; fileRef = 545A7D062AA83C190092CFE1 /* WeatherRepository.swift */; };
		545A7D092AA87B370092CFE1 /* WeatherRepositoryDelegate.swift in Sources */ = {isa = PBXBuildFile; fileRef = 545A7D082AA87B370092CFE1 /* WeatherRepositoryDelegate.swift */; };
		54605C972AA57C59003FEFC6 /* AppDelegate.swift in Sources */ = {isa = PBXBuildFile; fileRef = 54605C962AA57C59003FEFC6 /* AppDelegate.swift */; };
		54605C992AA57C59003FEFC6 /* SceneDelegate.swift in Sources */ = {isa = PBXBuildFile; fileRef = 54605C982AA57C59003FEFC6 /* SceneDelegate.swift */; };
		54605C9B2AA57C59003FEFC6 /* WeatherViewController.swift in Sources */ = {isa = PBXBuildFile; fileRef = 54605C9A2AA57C59003FEFC6 /* WeatherViewController.swift */; };
		54605C9E2AA57C59003FEFC6 /* WeatherView.storyboard in Resources */ = {isa = PBXBuildFile; fileRef = 54605C9C2AA57C59003FEFC6 /* WeatherView.storyboard */; };
		54605CA02AA57C5A003FEFC6 /* Assets.xcassets in Resources */ = {isa = PBXBuildFile; fileRef = 54605C9F2AA57C5A003FEFC6 /* Assets.xcassets */; };
		54605CA32AA57C5A003FEFC6 /* LaunchScreen.storyboard in Resources */ = {isa = PBXBuildFile; fileRef = 54605CA12AA57C5A003FEFC6 /* LaunchScreen.storyboard */; };
		54605CAC2AA57C8C003FEFC6 /* YumemiWeather in Frameworks */ = {isa = PBXBuildFile; productRef = 54605CAB2AA57C8C003FEFC6 /* YumemiWeather */; };
		54605CD12AA5DCCA003FEFC6 /* LaunchViewController.swift in Sources */ = {isa = PBXBuildFile; fileRef = 54605CD02AA5DCCA003FEFC6 /* LaunchViewController.swift */; };
		54605CD32AA5DE47003FEFC6 /* LaunchView.storyboard in Resources */ = {isa = PBXBuildFile; fileRef = 54605CD22AA5DE47003FEFC6 /* LaunchView.storyboard */; };
		548BEF7D2AB2D1B10098E08D /* WeatherAppTests.swift in Sources */ = {isa = PBXBuildFile; fileRef = 548BEF7C2AB2D1B10098E08D /* WeatherAppTests.swift */; };
		54B097FB2AAEE65600A984FE /* WeatherData.swift in Sources */ = {isa = PBXBuildFile; fileRef = 54B097FA2AAEE65600A984FE /* WeatherData.swift */; };
		54B097FF2AAF0A3700A984FE /* WeatherRequestParameter.swift in Sources */ = {isa = PBXBuildFile; fileRef = 54B097FE2AAF0A3700A984FE /* WeatherRequestParameter.swift */; };
		54BFE1BB2AAFFC8A00FC3573 /* WeatherError.swift in Sources */ = {isa = PBXBuildFile; fileRef = 54BFE1BA2AAFFC8A00FC3573 /* WeatherError.swift */; };
/* End PBXBuildFile section */

/* Begin PBXContainerItemProxy section */
		548BEF7E2AB2D1B10098E08D /* PBXContainerItemProxy */ = {
			isa = PBXContainerItemProxy;
			containerPortal = 54605C8B2AA57C59003FEFC6 /* Project object */;
			proxyType = 1;
			remoteGlobalIDString = 54605C922AA57C59003FEFC6;
			remoteInfo = WhetherApp;
		};
/* End PBXContainerItemProxy section */

/* Begin PBXFileReference section */
		544FB4362AA7351B000E74D4 /* WeatherCondition.swift */ = {isa = PBXFileReference; lastKnownFileType = sourcecode.swift; path = WeatherCondition.swift; sourceTree = "<group>"; };
		545A7D062AA83C190092CFE1 /* WeatherRepository.swift */ = {isa = PBXFileReference; lastKnownFileType = sourcecode.swift; path = WeatherRepository.swift; sourceTree = "<group>"; };
		545A7D082AA87B370092CFE1 /* WeatherRepositoryDelegate.swift */ = {isa = PBXFileReference; lastKnownFileType = sourcecode.swift; path = WeatherRepositoryDelegate.swift; sourceTree = "<group>"; };
		54605C932AA57C59003FEFC6 /* WhetherApp.app */ = {isa = PBXFileReference; explicitFileType = wrapper.application; includeInIndex = 0; path = WhetherApp.app; sourceTree = BUILT_PRODUCTS_DIR; };
		54605C962AA57C59003FEFC6 /* AppDelegate.swift */ = {isa = PBXFileReference; lastKnownFileType = sourcecode.swift; path = AppDelegate.swift; sourceTree = "<group>"; };
		54605C982AA57C59003FEFC6 /* SceneDelegate.swift */ = {isa = PBXFileReference; lastKnownFileType = sourcecode.swift; path = SceneDelegate.swift; sourceTree = "<group>"; };
		54605C9A2AA57C59003FEFC6 /* WeatherViewController.swift */ = {isa = PBXFileReference; lastKnownFileType = sourcecode.swift; path = WeatherViewController.swift; sourceTree = "<group>"; };
		54605C9D2AA57C59003FEFC6 /* Base */ = {isa = PBXFileReference; lastKnownFileType = file.storyboard; name = Base; path = Base.lproj/WeatherView.storyboard; sourceTree = "<group>"; };
		54605C9F2AA57C5A003FEFC6 /* Assets.xcassets */ = {isa = PBXFileReference; lastKnownFileType = folder.assetcatalog; path = Assets.xcassets; sourceTree = "<group>"; };
		54605CA22AA57C5A003FEFC6 /* Base */ = {isa = PBXFileReference; lastKnownFileType = file.storyboard; name = Base; path = Base.lproj/LaunchScreen.storyboard; sourceTree = "<group>"; };
		54605CA42AA57C5A003FEFC6 /* Info.plist */ = {isa = PBXFileReference; lastKnownFileType = text.plist.xml; path = Info.plist; sourceTree = "<group>"; };
		54605CD02AA5DCCA003FEFC6 /* LaunchViewController.swift */ = {isa = PBXFileReference; lastKnownFileType = sourcecode.swift; path = LaunchViewController.swift; sourceTree = "<group>"; };
		54605CD22AA5DE47003FEFC6 /* LaunchView.storyboard */ = {isa = PBXFileReference; lastKnownFileType = file.storyboard; path = LaunchView.storyboard; sourceTree = "<group>"; };
		548BEF7A2AB2D1B10098E08D /* WeatherAppTests.xctest */ = {isa = PBXFileReference; explicitFileType = wrapper.cfbundle; includeInIndex = 0; path = WeatherAppTests.xctest; sourceTree = BUILT_PRODUCTS_DIR; };
		548BEF7C2AB2D1B10098E08D /* WeatherAppTests.swift */ = {isa = PBXFileReference; lastKnownFileType = sourcecode.swift; path = WeatherAppTests.swift; sourceTree = "<group>"; };
		54B097FA2AAEE65600A984FE /* WeatherData.swift */ = {isa = PBXFileReference; lastKnownFileType = sourcecode.swift; path = WeatherData.swift; sourceTree = "<group>"; };
		54B097FE2AAF0A3700A984FE /* WeatherRequestParameter.swift */ = {isa = PBXFileReference; lastKnownFileType = sourcecode.swift; path = WeatherRequestParameter.swift; sourceTree = "<group>"; };
		54BFE1BA2AAFFC8A00FC3573 /* WeatherError.swift */ = {isa = PBXFileReference; lastKnownFileType = sourcecode.swift; path = WeatherError.swift; sourceTree = "<group>"; };
/* End PBXFileReference section */

/* Begin PBXFrameworksBuildPhase section */
		54605C902AA57C59003FEFC6 /* Frameworks */ = {
			isa = PBXFrameworksBuildPhase;
			buildActionMask = 2147483647;
			files = (
				54605CAC2AA57C8C003FEFC6 /* YumemiWeather in Frameworks */,
			);
			runOnlyForDeploymentPostprocessing = 0;
		};
		548BEF772AB2D1B10098E08D /* Frameworks */ = {
			isa = PBXFrameworksBuildPhase;
			buildActionMask = 2147483647;
			files = (
			);
			runOnlyForDeploymentPostprocessing = 0;
		};
/* End PBXFrameworksBuildPhase section */

/* Begin PBXGroup section */
		54605C8A2AA57C59003FEFC6 = {
			isa = PBXGroup;
			children = (
				54605C952AA57C59003FEFC6 /* WhetherApp */,
				548BEF7B2AB2D1B10098E08D /* WeatherAppTests */,
				54605C942AA57C59003FEFC6 /* Products */,
			);
			sourceTree = "<group>";
		};
		54605C942AA57C59003FEFC6 /* Products */ = {
			isa = PBXGroup;
			children = (
				54605C932AA57C59003FEFC6 /* WhetherApp.app */,
				548BEF7A2AB2D1B10098E08D /* WeatherAppTests.xctest */,
			);
			name = Products;
			sourceTree = "<group>";
		};
		54605C952AA57C59003FEFC6 /* WhetherApp */ = {
			isa = PBXGroup;
			children = (
				54605C962AA57C59003FEFC6 /* AppDelegate.swift */,
				54605C982AA57C59003FEFC6 /* SceneDelegate.swift */,
				548BEF2C2AB033390098E08D /* Models */,
				548BEF2D2AB033560098E08D /* Views */,
				548BEF2E2AB0335C0098E08D /* Controllers */,
				548BEF2F2AB033750098E08D /* Repositories */,
				54605C9F2AA57C5A003FEFC6 /* Assets.xcassets */,
				54605CA12AA57C5A003FEFC6 /* LaunchScreen.storyboard */,
				54605CA42AA57C5A003FEFC6 /* Info.plist */,
			);
			path = WhetherApp;
			sourceTree = "<group>";
		};
		548BEF2C2AB033390098E08D /* Models */ = {
			isa = PBXGroup;
			children = (
				544FB4362AA7351B000E74D4 /* WeatherCondition.swift */,
				54B097FA2AAEE65600A984FE /* WeatherData.swift */,
				54BFE1BA2AAFFC8A00FC3573 /* WeatherError.swift */,
				54B097FE2AAF0A3700A984FE /* WeatherRequestParameter.swift */,
			);
			path = Models;
			sourceTree = "<group>";
		};
		548BEF2D2AB033560098E08D /* Views */ = {
			isa = PBXGroup;
			children = (
				54605CD22AA5DE47003FEFC6 /* LaunchView.storyboard */,
				54605C9C2AA57C59003FEFC6 /* WeatherView.storyboard */,
			);
			path = Views;
			sourceTree = "<group>";
		};
		548BEF2E2AB0335C0098E08D /* Controllers */ = {
			isa = PBXGroup;
			children = (
				54605CD02AA5DCCA003FEFC6 /* LaunchViewController.swift */,
				54605C9A2AA57C59003FEFC6 /* WeatherViewController.swift */,
			);
			path = Controllers;
			sourceTree = "<group>";
		};
		548BEF2F2AB033750098E08D /* Repositories */ = {
			isa = PBXGroup;
			children = (
				545A7D082AA87B370092CFE1 /* WeatherRepositoryDelegate.swift */,
				545A7D062AA83C190092CFE1 /* WeatherRepository.swift */,
			);
			path = Repositories;
			sourceTree = "<group>";
		};
		548BEF7B2AB2D1B10098E08D /* WeatherAppTests */ = {
			isa = PBXGroup;
			children = (
				548BEF7C2AB2D1B10098E08D /* WeatherAppTests.swift */,
			);
			path = WeatherAppTests;
			sourceTree = "<group>";
		};
/* End PBXGroup section */

/* Begin PBXNativeTarget section */
		54605C922AA57C59003FEFC6 /* WhetherApp */ = {
			isa = PBXNativeTarget;
			buildConfigurationList = 54605CA72AA57C5A003FEFC6 /* Build configuration list for PBXNativeTarget "WhetherApp" */;
			buildPhases = (
				54605C8F2AA57C59003FEFC6 /* Sources */,
				54605C902AA57C59003FEFC6 /* Frameworks */,
				54605C912AA57C59003FEFC6 /* Resources */,
			);
			buildRules = (
			);
			dependencies = (
			);
			name = WhetherApp;
			packageProductDependencies = (
				54605CAB2AA57C8C003FEFC6 /* YumemiWeather */,
			);
			productName = WhetherApp;
			productReference = 54605C932AA57C59003FEFC6 /* WhetherApp.app */;
			productType = "com.apple.product-type.application";
		};
		548BEF792AB2D1B10098E08D /* WeatherAppTests */ = {
			isa = PBXNativeTarget;
			buildConfigurationList = 548BEF822AB2D1B10098E08D /* Build configuration list for PBXNativeTarget "WeatherAppTests" */;
			buildPhases = (
				548BEF762AB2D1B10098E08D /* Sources */,
				548BEF772AB2D1B10098E08D /* Frameworks */,
				548BEF782AB2D1B10098E08D /* Resources */,
			);
			buildRules = (
			);
			dependencies = (
				548BEF7F2AB2D1B10098E08D /* PBXTargetDependency */,
			);
			name = WeatherAppTests;
			productName = WeatherAppTests;
			productReference = 548BEF7A2AB2D1B10098E08D /* WeatherAppTests.xctest */;
			productType = "com.apple.product-type.bundle.unit-test";
		};
/* End PBXNativeTarget section */

/* Begin PBXProject section */
		54605C8B2AA57C59003FEFC6 /* Project object */ = {
			isa = PBXProject;
			attributes = {
				BuildIndependentTargetsInParallel = 1;
				LastSwiftUpdateCheck = 1430;
				LastUpgradeCheck = 1430;
				TargetAttributes = {
					54605C922AA57C59003FEFC6 = {
						CreatedOnToolsVersion = 14.3.1;
					};
					548BEF792AB2D1B10098E08D = {
						CreatedOnToolsVersion = 14.3.1;
						TestTargetID = 54605C922AA57C59003FEFC6;
					};
				};
			};
			buildConfigurationList = 54605C8E2AA57C59003FEFC6 /* Build configuration list for PBXProject "WhetherApp" */;
			compatibilityVersion = "Xcode 14.0";
			developmentRegion = en;
			hasScannedForEncodings = 0;
			knownRegions = (
				en,
				Base,
			);
			mainGroup = 54605C8A2AA57C59003FEFC6;
			packageReferences = (
				54605CAA2AA57C8C003FEFC6 /* XCRemoteSwiftPackageReference "ios-training" */,
			);
			productRefGroup = 54605C942AA57C59003FEFC6 /* Products */;
			projectDirPath = "";
			projectRoot = "";
			targets = (
				54605C922AA57C59003FEFC6 /* WhetherApp */,
				548BEF792AB2D1B10098E08D /* WeatherAppTests */,
			);
		};
/* End PBXProject section */

/* Begin PBXResourcesBuildPhase section */
		54605C912AA57C59003FEFC6 /* Resources */ = {
			isa = PBXResourcesBuildPhase;
			buildActionMask = 2147483647;
			files = (
				54605CA32AA57C5A003FEFC6 /* LaunchScreen.storyboard in Resources */,
				54605CA02AA57C5A003FEFC6 /* Assets.xcassets in Resources */,
				54605CD32AA5DE47003FEFC6 /* LaunchView.storyboard in Resources */,
				54605C9E2AA57C59003FEFC6 /* WeatherView.storyboard in Resources */,
			);
			runOnlyForDeploymentPostprocessing = 0;
		};
		548BEF782AB2D1B10098E08D /* Resources */ = {
			isa = PBXResourcesBuildPhase;
			buildActionMask = 2147483647;
			files = (
			);
			runOnlyForDeploymentPostprocessing = 0;
		};
/* End PBXResourcesBuildPhase section */

/* Begin PBXSourcesBuildPhase section */
		54605C8F2AA57C59003FEFC6 /* Sources */ = {
			isa = PBXSourcesBuildPhase;
			buildActionMask = 2147483647;
			files = (
				545A7D072AA83C190092CFE1 /* WeatherRepository.swift in Sources */,
				54605C9B2AA57C59003FEFC6 /* WeatherViewController.swift in Sources */,
				54605C972AA57C59003FEFC6 /* AppDelegate.swift in Sources */,
				544FB4372AA7351B000E74D4 /* WeatherCondition.swift in Sources */,
				54605C992AA57C59003FEFC6 /* SceneDelegate.swift in Sources */,
				545A7D092AA87B370092CFE1 /* WeatherRepositoryDelegate.swift in Sources */,
				54B097FB2AAEE65600A984FE /* WeatherData.swift in Sources */,
				54B097FF2AAF0A3700A984FE /* WeatherRequestParameter.swift in Sources */,
				54605CD12AA5DCCA003FEFC6 /* LaunchViewController.swift in Sources */,
				54BFE1BB2AAFFC8A00FC3573 /* WeatherError.swift in Sources */,
			);
			runOnlyForDeploymentPostprocessing = 0;
		};
		548BEF762AB2D1B10098E08D /* Sources */ = {
			isa = PBXSourcesBuildPhase;
			buildActionMask = 2147483647;
			files = (
				548BEF7D2AB2D1B10098E08D /* WeatherAppTests.swift in Sources */,
			);
			runOnlyForDeploymentPostprocessing = 0;
		};
/* End PBXSourcesBuildPhase section */

/* Begin PBXTargetDependency section */
		548BEF7F2AB2D1B10098E08D /* PBXTargetDependency */ = {
			isa = PBXTargetDependency;
			target = 54605C922AA57C59003FEFC6 /* WhetherApp */;
			targetProxy = 548BEF7E2AB2D1B10098E08D /* PBXContainerItemProxy */;
		};
/* End PBXTargetDependency section */

/* Begin PBXVariantGroup section */
		54605C9C2AA57C59003FEFC6 /* WeatherView.storyboard */ = {
			isa = PBXVariantGroup;
			children = (
				54605C9D2AA57C59003FEFC6 /* Base */,
			);
			name = WeatherView.storyboard;
			sourceTree = "<group>";
		};
		54605CA12AA57C5A003FEFC6 /* LaunchScreen.storyboard */ = {
			isa = PBXVariantGroup;
			children = (
				54605CA22AA57C5A003FEFC6 /* Base */,
			);
			name = LaunchScreen.storyboard;
			sourceTree = "<group>";
		};
/* End PBXVariantGroup section */

/* Begin XCBuildConfiguration section */
		54605CA52AA57C5A003FEFC6 /* Debug */ = {
			isa = XCBuildConfiguration;
			buildSettings = {
				ALWAYS_SEARCH_USER_PATHS = NO;
				CLANG_ANALYZER_NONNULL = YES;
				CLANG_ANALYZER_NUMBER_OBJECT_CONVERSION = YES_AGGRESSIVE;
				CLANG_CXX_LANGUAGE_STANDARD = "gnu++20";
				CLANG_ENABLE_MODULES = YES;
				CLANG_ENABLE_OBJC_ARC = YES;
				CLANG_ENABLE_OBJC_WEAK = YES;
				CLANG_WARN_BLOCK_CAPTURE_AUTORELEASING = YES;
				CLANG_WARN_BOOL_CONVERSION = YES;
				CLANG_WARN_COMMA = YES;
				CLANG_WARN_CONSTANT_CONVERSION = YES;
				CLANG_WARN_DEPRECATED_OBJC_IMPLEMENTATIONS = YES;
				CLANG_WARN_DIRECT_OBJC_ISA_USAGE = YES_ERROR;
				CLANG_WARN_DOCUMENTATION_COMMENTS = YES;
				CLANG_WARN_EMPTY_BODY = YES;
				CLANG_WARN_ENUM_CONVERSION = YES;
				CLANG_WARN_INFINITE_RECURSION = YES;
				CLANG_WARN_INT_CONVERSION = YES;
				CLANG_WARN_NON_LITERAL_NULL_CONVERSION = YES;
				CLANG_WARN_OBJC_IMPLICIT_RETAIN_SELF = YES;
				CLANG_WARN_OBJC_LITERAL_CONVERSION = YES;
				CLANG_WARN_OBJC_ROOT_CLASS = YES_ERROR;
				CLANG_WARN_QUOTED_INCLUDE_IN_FRAMEWORK_HEADER = YES;
				CLANG_WARN_RANGE_LOOP_ANALYSIS = YES;
				CLANG_WARN_STRICT_PROTOTYPES = YES;
				CLANG_WARN_SUSPICIOUS_MOVE = YES;
				CLANG_WARN_UNGUARDED_AVAILABILITY = YES_AGGRESSIVE;
				CLANG_WARN_UNREACHABLE_CODE = YES;
				CLANG_WARN__DUPLICATE_METHOD_MATCH = YES;
				COPY_PHASE_STRIP = NO;
				DEBUG_INFORMATION_FORMAT = dwarf;
				ENABLE_STRICT_OBJC_MSGSEND = YES;
				ENABLE_TESTABILITY = YES;
				GCC_C_LANGUAGE_STANDARD = gnu11;
				GCC_DYNAMIC_NO_PIC = NO;
				GCC_NO_COMMON_BLOCKS = YES;
				GCC_OPTIMIZATION_LEVEL = 0;
				GCC_PREPROCESSOR_DEFINITIONS = (
					"DEBUG=1",
					"$(inherited)",
				);
				GCC_WARN_64_TO_32_BIT_CONVERSION = YES;
				GCC_WARN_ABOUT_RETURN_TYPE = YES_ERROR;
				GCC_WARN_UNDECLARED_SELECTOR = YES;
				GCC_WARN_UNINITIALIZED_AUTOS = YES_AGGRESSIVE;
				GCC_WARN_UNUSED_FUNCTION = YES;
				GCC_WARN_UNUSED_VARIABLE = YES;
				IPHONEOS_DEPLOYMENT_TARGET = 16.4;
				MTL_ENABLE_DEBUG_INFO = INCLUDE_SOURCE;
				MTL_FAST_MATH = YES;
				ONLY_ACTIVE_ARCH = YES;
				SDKROOT = iphoneos;
				SWIFT_ACTIVE_COMPILATION_CONDITIONS = DEBUG;
				SWIFT_OPTIMIZATION_LEVEL = "-Onone";
			};
			name = Debug;
		};
		54605CA62AA57C5A003FEFC6 /* Release */ = {
			isa = XCBuildConfiguration;
			buildSettings = {
				ALWAYS_SEARCH_USER_PATHS = NO;
				CLANG_ANALYZER_NONNULL = YES;
				CLANG_ANALYZER_NUMBER_OBJECT_CONVERSION = YES_AGGRESSIVE;
				CLANG_CXX_LANGUAGE_STANDARD = "gnu++20";
				CLANG_ENABLE_MODULES = YES;
				CLANG_ENABLE_OBJC_ARC = YES;
				CLANG_ENABLE_OBJC_WEAK = YES;
				CLANG_WARN_BLOCK_CAPTURE_AUTORELEASING = YES;
				CLANG_WARN_BOOL_CONVERSION = YES;
				CLANG_WARN_COMMA = YES;
				CLANG_WARN_CONSTANT_CONVERSION = YES;
				CLANG_WARN_DEPRECATED_OBJC_IMPLEMENTATIONS = YES;
				CLANG_WARN_DIRECT_OBJC_ISA_USAGE = YES_ERROR;
				CLANG_WARN_DOCUMENTATION_COMMENTS = YES;
				CLANG_WARN_EMPTY_BODY = YES;
				CLANG_WARN_ENUM_CONVERSION = YES;
				CLANG_WARN_INFINITE_RECURSION = YES;
				CLANG_WARN_INT_CONVERSION = YES;
				CLANG_WARN_NON_LITERAL_NULL_CONVERSION = YES;
				CLANG_WARN_OBJC_IMPLICIT_RETAIN_SELF = YES;
				CLANG_WARN_OBJC_LITERAL_CONVERSION = YES;
				CLANG_WARN_OBJC_ROOT_CLASS = YES_ERROR;
				CLANG_WARN_QUOTED_INCLUDE_IN_FRAMEWORK_HEADER = YES;
				CLANG_WARN_RANGE_LOOP_ANALYSIS = YES;
				CLANG_WARN_STRICT_PROTOTYPES = YES;
				CLANG_WARN_SUSPICIOUS_MOVE = YES;
				CLANG_WARN_UNGUARDED_AVAILABILITY = YES_AGGRESSIVE;
				CLANG_WARN_UNREACHABLE_CODE = YES;
				CLANG_WARN__DUPLICATE_METHOD_MATCH = YES;
				COPY_PHASE_STRIP = NO;
				DEBUG_INFORMATION_FORMAT = "dwarf-with-dsym";
				ENABLE_NS_ASSERTIONS = NO;
				ENABLE_STRICT_OBJC_MSGSEND = YES;
				GCC_C_LANGUAGE_STANDARD = gnu11;
				GCC_NO_COMMON_BLOCKS = YES;
				GCC_WARN_64_TO_32_BIT_CONVERSION = YES;
				GCC_WARN_ABOUT_RETURN_TYPE = YES_ERROR;
				GCC_WARN_UNDECLARED_SELECTOR = YES;
				GCC_WARN_UNINITIALIZED_AUTOS = YES_AGGRESSIVE;
				GCC_WARN_UNUSED_FUNCTION = YES;
				GCC_WARN_UNUSED_VARIABLE = YES;
				IPHONEOS_DEPLOYMENT_TARGET = 16.4;
				MTL_ENABLE_DEBUG_INFO = NO;
				MTL_FAST_MATH = YES;
				SDKROOT = iphoneos;
				SWIFT_COMPILATION_MODE = wholemodule;
				SWIFT_OPTIMIZATION_LEVEL = "-O";
				VALIDATE_PRODUCT = YES;
			};
			name = Release;
		};
		54605CA82AA57C5A003FEFC6 /* Debug */ = {
			isa = XCBuildConfiguration;
			buildSettings = {
				ASSETCATALOG_COMPILER_APPICON_NAME = AppIcon;
				ASSETCATALOG_COMPILER_GLOBAL_ACCENT_COLOR_NAME = AccentColor;
				CODE_SIGN_STYLE = Automatic;
				CURRENT_PROJECT_VERSION = 1;
				DEVELOPMENT_TEAM = L6MLJ2LS78;
				GENERATE_INFOPLIST_FILE = YES;
				INFOPLIST_FILE = WhetherApp/Info.plist;
				INFOPLIST_KEY_UIApplicationSupportsIndirectInputEvents = YES;
				INFOPLIST_KEY_UILaunchStoryboardName = LaunchScreen;
				INFOPLIST_KEY_UIMainStoryboardFile = LaunchView;
				INFOPLIST_KEY_UISupportedInterfaceOrientations_iPad = "UIInterfaceOrientationPortrait UIInterfaceOrientationPortraitUpsideDown UIInterfaceOrientationLandscapeLeft UIInterfaceOrientationLandscapeRight";
				INFOPLIST_KEY_UISupportedInterfaceOrientations_iPhone = "UIInterfaceOrientationPortrait UIInterfaceOrientationLandscapeLeft UIInterfaceOrientationLandscapeRight";
				LD_RUNPATH_SEARCH_PATHS = (
					"$(inherited)",
					"@executable_path/Frameworks",
				);
				MARKETING_VERSION = 1.0;
				PRODUCT_BUNDLE_IDENTIFIER = "yusho-segawa.WhetherApp";
				PRODUCT_NAME = "$(TARGET_NAME)";
				SWIFT_EMIT_LOC_STRINGS = YES;
				SWIFT_VERSION = 5.0;
				TARGETED_DEVICE_FAMILY = "1,2";
			};
			name = Debug;
		};
		54605CA92AA57C5A003FEFC6 /* Release */ = {
			isa = XCBuildConfiguration;
			buildSettings = {
				ASSETCATALOG_COMPILER_APPICON_NAME = AppIcon;
				ASSETCATALOG_COMPILER_GLOBAL_ACCENT_COLOR_NAME = AccentColor;
				CODE_SIGN_STYLE = Automatic;
				CURRENT_PROJECT_VERSION = 1;
				DEVELOPMENT_TEAM = L6MLJ2LS78;
				GENERATE_INFOPLIST_FILE = YES;
				INFOPLIST_FILE = WhetherApp/Info.plist;
				INFOPLIST_KEY_UIApplicationSupportsIndirectInputEvents = YES;
				INFOPLIST_KEY_UILaunchStoryboardName = LaunchScreen;
				INFOPLIST_KEY_UIMainStoryboardFile = LaunchView;
				INFOPLIST_KEY_UISupportedInterfaceOrientations_iPad = "UIInterfaceOrientationPortrait UIInterfaceOrientationPortraitUpsideDown UIInterfaceOrientationLandscapeLeft UIInterfaceOrientationLandscapeRight";
				INFOPLIST_KEY_UISupportedInterfaceOrientations_iPhone = "UIInterfaceOrientationPortrait UIInterfaceOrientationLandscapeLeft UIInterfaceOrientationLandscapeRight";
				LD_RUNPATH_SEARCH_PATHS = (
					"$(inherited)",
					"@executable_path/Frameworks",
				);
				MARKETING_VERSION = 1.0;
				PRODUCT_BUNDLE_IDENTIFIER = "yusho-segawa.WhetherApp";
				PRODUCT_NAME = "$(TARGET_NAME)";
				SWIFT_EMIT_LOC_STRINGS = YES;
				SWIFT_VERSION = 5.0;
				TARGETED_DEVICE_FAMILY = "1,2";
			};
			name = Release;
		};
		548BEF802AB2D1B10098E08D /* Debug */ = {
			isa = XCBuildConfiguration;
			buildSettings = {
				BUNDLE_LOADER = "$(TEST_HOST)";
				CODE_SIGN_STYLE = Automatic;
				CURRENT_PROJECT_VERSION = 1;
				DEVELOPMENT_TEAM = L6MLJ2LS78;
				GENERATE_INFOPLIST_FILE = YES;
				MARKETING_VERSION = 1.0;
				PRODUCT_BUNDLE_IDENTIFIER = "yusho-segawa.WeatherAppTests";
				PRODUCT_NAME = "$(TARGET_NAME)";
				SWIFT_EMIT_LOC_STRINGS = NO;
				SWIFT_VERSION = 5.0;
				TARGETED_DEVICE_FAMILY = "1,2";
				TEST_HOST = "$(BUILT_PRODUCTS_DIR)/WhetherApp.app/$(BUNDLE_EXECUTABLE_FOLDER_PATH)/WhetherApp";
			};
			name = Debug;
		};
		548BEF812AB2D1B10098E08D /* Release */ = {
			isa = XCBuildConfiguration;
			buildSettings = {
				BUNDLE_LOADER = "$(TEST_HOST)";
				CODE_SIGN_STYLE = Automatic;
				CURRENT_PROJECT_VERSION = 1;
				DEVELOPMENT_TEAM = L6MLJ2LS78;
				GENERATE_INFOPLIST_FILE = YES;
				MARKETING_VERSION = 1.0;
				PRODUCT_BUNDLE_IDENTIFIER = "yusho-segawa.WeatherAppTests";
				PRODUCT_NAME = "$(TARGET_NAME)";
				SWIFT_EMIT_LOC_STRINGS = NO;
				SWIFT_VERSION = 5.0;
				TARGETED_DEVICE_FAMILY = "1,2";
				TEST_HOST = "$(BUILT_PRODUCTS_DIR)/WhetherApp.app/$(BUNDLE_EXECUTABLE_FOLDER_PATH)/WhetherApp";
			};
			name = Release;
		};
/* End XCBuildConfiguration section */

/* Begin XCConfigurationList section */
		54605C8E2AA57C59003FEFC6 /* Build configuration list for PBXProject "WhetherApp" */ = {
			isa = XCConfigurationList;
			buildConfigurations = (
				54605CA52AA57C5A003FEFC6 /* Debug */,
				54605CA62AA57C5A003FEFC6 /* Release */,
			);
			defaultConfigurationIsVisible = 0;
			defaultConfigurationName = Release;
		};
		54605CA72AA57C5A003FEFC6 /* Build configuration list for PBXNativeTarget "WhetherApp" */ = {
			isa = XCConfigurationList;
			buildConfigurations = (
				54605CA82AA57C5A003FEFC6 /* Debug */,
				54605CA92AA57C5A003FEFC6 /* Release */,
			);
			defaultConfigurationIsVisible = 0;
			defaultConfigurationName = Release;
		};
		548BEF822AB2D1B10098E08D /* Build configuration list for PBXNativeTarget "WeatherAppTests" */ = {
			isa = XCConfigurationList;
			buildConfigurations = (
				548BEF802AB2D1B10098E08D /* Debug */,
				548BEF812AB2D1B10098E08D /* Release */,
			);
			defaultConfigurationIsVisible = 0;
			defaultConfigurationName = Release;
		};
/* End XCConfigurationList section */

/* Begin XCRemoteSwiftPackageReference section */
		54605CAA2AA57C8C003FEFC6 /* XCRemoteSwiftPackageReference "ios-training" */ = {
			isa = XCRemoteSwiftPackageReference;
			repositoryURL = "https://github.com/yumemi-inc/ios-training.git";
			requirement = {
				branch = main;
				kind = branch;
			};
		};
/* End XCRemoteSwiftPackageReference section */

/* Begin XCSwiftPackageProductDependency section */
		54605CAB2AA57C8C003FEFC6 /* YumemiWeather */ = {
			isa = XCSwiftPackageProductDependency;
			package = 54605CAA2AA57C8C003FEFC6 /* XCRemoteSwiftPackageReference "ios-training" */;
			productName = YumemiWeather;
		};
/* End XCSwiftPackageProductDependency section */
	};
	rootObject = 54605C8B2AA57C59003FEFC6 /* Project object */;
}
